
Microsoft Visual Studio Solution File, Format Version 12.00
# Visual Studio 15
VisualStudioVersion = 15.0.27703.2035
MinimumVisualStudioVersion = 10.0.40219.1
Project("{FAE04EC0-301F-11D3-BF4B-00C04F79EFBC}") = "API", "API\API.csproj", "{9F01C013-EA08-40D5-B839-84EA091D2B22}"
EndProject
Project("{FAE04EC0-301F-11D3-BF4B-00C04F79EFBC}") = "Frontend", "Frontend\Frontend.csproj", "{89A07943-F3A4-4F38-AE76-D2FDC17C05DA}"
EndProject
Project("{FAE04EC0-301F-11D3-BF4B-00C04F79EFBC}") = "Frontend.Tests", "Frontend.Tests\Frontend.Tests.csproj", "{19DE2142-8E6E-4360-8E28-9974864C6549}"
EndProject
Global
	GlobalSection(SolutionConfigurationPlatforms) = preSolution
		Debug|Any CPU = Debug|Any CPU
		Release|Any CPU = Release|Any CPU
	EndGlobalSection
	GlobalSection(ProjectConfigurationPlatforms) = postSolution
		{9F01C013-EA08-40D5-B839-84EA091D2B22}.Debug|Any CPU.ActiveCfg = Debug|Any CPU
		{9F01C013-EA08-40D5-B839-84EA091D2B22}.Debug|Any CPU.Build.0 = Debug|Any CPU
		{9F01C013-EA08-40D5-B839-84EA091D2B22}.Release|Any CPU.ActiveCfg = Release|Any CPU
		{9F01C013-EA08-40D5-B839-84EA091D2B22}.Release|Any CPU.Build.0 = Release|Any CPU
		{89A07943-F3A4-4F38-AE76-D2FDC17C05DA}.Debug|Any CPU.ActiveCfg = Debug|Any CPU
		{89A07943-F3A4-4F38-AE76-D2FDC17C05DA}.Debug|Any CPU.Build.0 = Debug|Any CPU
		{89A07943-F3A4-4F38-AE76-D2FDC17C05DA}.Release|Any CPU.ActiveCfg = Release|Any CPU
		{89A07943-F3A4-4F38-AE76-D2FDC17C05DA}.Release|Any CPU.Build.0 = Release|Any CPU
		{19DE2142-8E6E-4360-8E28-9974864C6549}.Debug|Any CPU.ActiveCfg = Debug|Any CPU
		{19DE2142-8E6E-4360-8E28-9974864C6549}.Debug|Any CPU.Build.0 = Debug|Any CPU
		{19DE2142-8E6E-4360-8E28-9974864C6549}.Release|Any CPU.ActiveCfg = Release|Any CPU
		{19DE2142-8E6E-4360-8E28-9974864C6549}.Release|Any CPU.Build.0 = Release|Any CPU
	EndGlobalSection
	GlobalSection(SolutionProperties) = preSolution
		HideSolutionNode = FALSE
	EndGlobalSection
	GlobalSection(ExtensibilityGlobals) = postSolution
		SolutionGuid = {E10F3FFD-5117-4424-AD64-1FDAB582DD9E}
	EndGlobalSection
EndGlobal
